{
  "originHash" : "0b3ee28867b351bf339d165ccf9fe70752b4170327cf2f4678bbf33b6e30286e",
  "pins" : [
    {
      "identity" : "swiftycrop",
      "kind" : "remoteSourceControl",
      "location" : "https://github.com/benedom/SwiftyCrop",
      "state" : {
        "branch" : "master",
        "revision" : "6ff1c2f62e17211176173aefe0bd2d210768f0c1"
      }
    }
  ],
  "version" : 3
}
