{
  "originHash" : "32fe54d83e94dfe1424a9a9e615eadb9a298799e0cb17d59e9f18400cced14fb",
  "pins" : [
    {
      "identity" : "swiftycrop",
      "kind" : "remoteSourceControl",
      "location" : "https://github.com/benedom/SwiftyCrop",
      "state" : {
        "branch" : "master",
        "revision" : "07311350f3f9eea3b2254da37341681f504cc01f"
      }
    },
    {
      "identity" : "timer",
      "kind" : "remoteSourceControl",
      "location" : "https://github.com/Mijick/Timer",
      "state" : {
        "revision" : "342371c33c3f084d82a4818447ba77d858064c85",
        "version" : "2.0.0"
      }
    }
  ],
  "version" : 3
}
