{
  "originHash" : "b06bbcfc03e2ab52bdb1df5f837ca41505f219ac012ebf0068b5e4564f45b459",
  "pins" : [
    {
      "identity" : "camera",
      "kind" : "remoteSourceControl",
      "location" : "https://github.com/veraposeidon/Camera/",
      "state" : {
        "branch" : "fix/sendable-protocol",
        "revision" : "1ba0a2ed7314ee03b79c86c9fcba02af8d0b04a1"
      }
    },
    {
      "identity" : "swiftycrop",
      "kind" : "remoteSourceControl",
      "location" : "https://github.com/benedom/SwiftyCrop",
      "state" : {
        "branch" : "master",
        "revision" : "07311350f3f9eea3b2254da37341681f504cc01f"
      }
    },
    {
      "identity" : "timer",
      "kind" : "remoteSourceControl",
      "location" : "https://github.com/Mijick/Timer",
      "state" : {
        "revision" : "342371c33c3f084d82a4818447ba77d858064c85",
        "version" : "2.0.0"
      }
    }
  ],
  "version" : 3
}
