// !$*UTF8*$!
{
	archiveVersion = 1;
	classes = {
	};
	objectVersion = 77;
	objects = {

/* Begin PBXBuildFile section */
		AA2DD9D72E438F9F00EE8486 /* SwiftyCrop in Frameworks */ = {isa = PBXBuildFile; productRef = AA2DD9D62E438F9F00EE8486 /* SwiftyCrop */; };
		AABFF4E42E4A3260000B491E /* rInventory Watch.app in Embed Watch Content */ = {isa = PBXBuildFile; fileRef = AABFF4C42E4A325E000B491E /* rInventory Watch.app */; settings = {ATTRIBUTES = (RemoveHeadersOnCopy, ); }; };
		AAFA444C2E18E51100AD6351 /* CloudKit.framework in Frameworks */ = {isa = PBXBuildFile; fileRef = AAFA444B2E18E51100AD6351 /* CloudKit.framework */; };
/* End PBXBuildFile section */

/* Begin PBXContainerItemProxy section */
		AABFF4D12E4A3260000B491E /* PBXContainerItemProxy */ = {
			isa = PBXContainerItemProxy;
			containerPortal = AAC9D58B2E16056A0066997C /* Project object */;
			proxyType = 1;
			remoteGlobalIDString = AABFF4C32E4A325E000B491E;
			remoteInfo = "inventoryBuddy Watch App";
		};
		AABFF4DB2E4A3260000B491E /* PBXContainerItemProxy */ = {
			isa = PBXContainerItemProxy;
			containerPortal = AAC9D58B2E16056A0066997C /* Project object */;
			proxyType = 1;
			remoteGlobalIDString = AABFF4C32E4A325E000B491E;
			remoteInfo = "inventoryBuddy Watch App";
		};
		AABFF4E22E4A3260000B491E /* PBXContainerItemProxy */ = {
			isa = PBXContainerItemProxy;
			containerPortal = AAC9D58B2E16056A0066997C /* Project object */;
			proxyType = 1;
			remoteGlobalIDString = AABFF4C32E4A325E000B491E;
			remoteInfo = "inventoryBuddy Watch App";
		};
		AAC9D5A52E16056C0066997C /* PBXContainerItemProxy */ = {
			isa = PBXContainerItemProxy;
			containerPortal = AAC9D58B2E16056A0066997C /* Project object */;
			proxyType = 1;
			remoteGlobalIDString = AAC9D5922E16056A0066997C;
			remoteInfo = Inventory;
		};
		AAC9D5AF2E16056D0066997C /* PBXContainerItemProxy */ = {
			isa = PBXContainerItemProxy;
			containerPortal = AAC9D58B2E16056A0066997C /* Project object */;
			proxyType = 1;
			remoteGlobalIDString = AAC9D5922E16056A0066997C;
			remoteInfo = Inventory;
		};
/* End PBXContainerItemProxy section */

/* Begin PBXCopyFilesBuildPhase section */
		AA51D69D2E38EC1600D6F5FB /* Embed Foundation Extensions */ = {
			isa = PBXCopyFilesBuildPhase;
			buildActionMask = 2147483647;
			dstPath = "";
			dstSubfolderSpec = 13;
			files = (
			);
			name = "Embed Foundation Extensions";
			runOnlyForDeploymentPostprocessing = 0;
		};
		AABFF4E52E4A3260000B491E /* Embed Watch Content */ = {
			isa = PBXCopyFilesBuildPhase;
			buildActionMask = 2147483647;
			dstPath = "$(CONTENTS_FOLDER_PATH)/Watch";
			dstSubfolderSpec = 16;
			files = (
				AABFF4E42E4A3260000B491E /* rInventory Watch.app in Embed Watch Content */,
			);
			name = "Embed Watch Content";
			runOnlyForDeploymentPostprocessing = 0;
		};
/* End PBXCopyFilesBuildPhase section */

/* Begin PBXFileReference section */
		AA51D6902E38EC1600D6F5FB /* Intents.framework */ = {isa = PBXFileReference; lastKnownFileType = wrapper.framework; name = Intents.framework; path = System/Library/Frameworks/Intents.framework; sourceTree = SDKROOT; };
		AA6108D02E3D1B0F00295F7B /* Camera */ = {isa = PBXFileReference; lastKnownFileType = wrapper; name = Camera; path = "/Users/ethanlagera/Library/Developer/Xcode/DerivedData/rInventory-fjbvvswzgjdjqedalnnriqjzyoxh/SourcePackages/checkouts/Camera"; sourceTree = "<absolute>"; };
		AABFF4C42E4A325E000B491E /* rInventory Watch.app */ = {isa = PBXFileReference; explicitFileType = wrapper.application; includeInIndex = 0; path = "rInventory Watch.app"; sourceTree = BUILT_PRODUCTS_DIR; };
		AABFF4D02E4A325F000B491E /* rInventory WatchTests.xctest */ = {isa = PBXFileReference; explicitFileType = wrapper.cfbundle; includeInIndex = 0; path = "rInventory WatchTests.xctest"; sourceTree = BUILT_PRODUCTS_DIR; };
		AABFF4DA2E4A3260000B491E /* rInventory WatchUITests.xctest */ = {isa = PBXFileReference; explicitFileType = wrapper.cfbundle; includeInIndex = 0; path = "rInventory WatchUITests.xctest"; sourceTree = BUILT_PRODUCTS_DIR; };
		AAC9D5932E16056A0066997C /* rInventory.app */ = {isa = PBXFileReference; explicitFileType = wrapper.application; includeInIndex = 0; path = rInventory.app; sourceTree = BUILT_PRODUCTS_DIR; };
		AAC9D5A42E16056C0066997C /* rInventoryTests.xctest */ = {isa = PBXFileReference; explicitFileType = wrapper.cfbundle; includeInIndex = 0; path = rInventoryTests.xctest; sourceTree = BUILT_PRODUCTS_DIR; };
		AAC9D5AE2E16056D0066997C /* rInventoryUITests.xctest */ = {isa = PBXFileReference; explicitFileType = wrapper.cfbundle; includeInIndex = 0; path = rInventoryUITests.xctest; sourceTree = BUILT_PRODUCTS_DIR; };
		AAFA444B2E18E51100AD6351 /* CloudKit.framework */ = {isa = PBXFileReference; lastKnownFileType = wrapper.framework; name = CloudKit.framework; path = System/Library/Frameworks/CloudKit.framework; sourceTree = SDKROOT; };
/* End PBXFileReference section */

/* Begin PBXFileSystemSynchronizedBuildFileExceptionSet section */
		AA8087322E73155F003A56A3 /* Exceptions for "rInventory" folder in "rInventory Watch" target */ = {
			isa = PBXFileSystemSynchronizedBuildFileExceptionSet;
			membershipExceptions = (
				AppIcon.icon,
				Helpers/AdaptiveGlassStyle.swift,
				Helpers/AsyncItemImage.swift,
				Helpers/CloudKitSyncEngine.swift,
				Helpers/DataModel.swift,
				Helpers/DataModelExtension.swift,
				Helpers/TextFieldStyles.swift,
			);
			target = AABFF4C32E4A325E000B491E /* rInventory Watch */;
		};
		AAC9D5B62E16056D0066997C /* Exceptions for "rInventory" folder in "rInventory" target */ = {
			isa = PBXFileSystemSynchronizedBuildFileExceptionSet;
			membershipExceptions = (
				Info.plist,
			);
			target = AAC9D5922E16056A0066997C /* rInventory */;
		};
/* End PBXFileSystemSynchronizedBuildFileExceptionSet section */

/* Begin PBXFileSystemSynchronizedRootGroup section */
		AABFF4C52E4A325E000B491E /* rInventory Watch */ = {
			isa = PBXFileSystemSynchronizedRootGroup;
			path = "rInventory Watch";
			sourceTree = "<group>";
		};
		AABFF4D32E4A3260000B491E /* rInventory WatchTests */ = {
			isa = PBXFileSystemSynchronizedRootGroup;
			path = "rInventory WatchTests";
			sourceTree = "<group>";
		};
		AABFF4DD2E4A3260000B491E /* rInventory WatchUITests */ = {
			isa = PBXFileSystemSynchronizedRootGroup;
			path = "rInventory WatchUITests";
			sourceTree = "<group>";
		};
		AAC9D5952E16056A0066997C /* rInventory */ = {
			isa = PBXFileSystemSynchronizedRootGroup;
			exceptions = (
				AAC9D5B62E16056D0066997C /* Exceptions for "rInventory" folder in "rInventory" target */,
				AA8087322E73155F003A56A3 /* Exceptions for "rInventory" folder in "rInventory Watch" target */,
			);
			path = rInventory;
			sourceTree = "<group>";
		};
		AAC9D5A72E16056D0066997C /* rInventoryTests */ = {
			isa = PBXFileSystemSynchronizedRootGroup;
			path = rInventoryTests;
			sourceTree = "<group>";
		};
		AAC9D5B12E16056D0066997C /* rInventoryUITests */ = {
			isa = PBXFileSystemSynchronizedRootGroup;
			path = rInventoryUITests;
			sourceTree = "<group>";
		};
/* End PBXFileSystemSynchronizedRootGroup section */

/* Begin PBXFrameworksBuildPhase section */
		AABFF4C12E4A325E000B491E /* Frameworks */ = {
			isa = PBXFrameworksBuildPhase;
			buildActionMask = 2147483647;
			files = (
			);
			runOnlyForDeploymentPostprocessing = 0;
		};
		AABFF4CD2E4A325F000B491E /* Frameworks */ = {
			isa = PBXFrameworksBuildPhase;
			buildActionMask = 2147483647;
			files = (
			);
			runOnlyForDeploymentPostprocessing = 0;
		};
		AABFF4D72E4A3260000B491E /* Frameworks */ = {
			isa = PBXFrameworksBuildPhase;
			buildActionMask = 2147483647;
			files = (
			);
			runOnlyForDeploymentPostprocessing = 0;
		};
		AAC9D5902E16056A0066997C /* Frameworks */ = {
			isa = PBXFrameworksBuildPhase;
			buildActionMask = 2147483647;
			files = (
				AAFA444C2E18E51100AD6351 /* CloudKit.framework in Frameworks */,
				AA2DD9D72E438F9F00EE8486 /* SwiftyCrop in Frameworks */,
			);
			runOnlyForDeploymentPostprocessing = 0;
		};
		AAC9D5A12E16056C0066997C /* Frameworks */ = {
			isa = PBXFrameworksBuildPhase;
			buildActionMask = 2147483647;
			files = (
			);
			runOnlyForDeploymentPostprocessing = 0;
		};
		AAC9D5AB2E16056D0066997C /* Frameworks */ = {
			isa = PBXFrameworksBuildPhase;
			buildActionMask = 2147483647;
			files = (
			);
			runOnlyForDeploymentPostprocessing = 0;
		};
/* End PBXFrameworksBuildPhase section */

/* Begin PBXGroup section */
		AAC9D58A2E16056A0066997C = {
			isa = PBXGroup;
			children = (
				AAC9D5952E16056A0066997C /* rInventory */,
				AAC9D5A72E16056D0066997C /* rInventoryTests */,
				AAC9D5B12E16056D0066997C /* rInventoryUITests */,
				AABFF4C52E4A325E000B491E /* rInventory Watch */,
				AABFF4D32E4A3260000B491E /* rInventory WatchTests */,
				AABFF4DD2E4A3260000B491E /* rInventory WatchUITests */,
				AAFA444A2E18E51100AD6351 /* Frameworks */,
				AAC9D5942E16056A0066997C /* Products */,
			);
			sourceTree = "<group>";
		};
		AAC9D5942E16056A0066997C /* Products */ = {
			isa = PBXGroup;
			children = (
				AAC9D5932E16056A0066997C /* rInventory.app */,
				AAC9D5A42E16056C0066997C /* rInventoryTests.xctest */,
				AAC9D5AE2E16056D0066997C /* rInventoryUITests.xctest */,
				AABFF4C42E4A325E000B491E /* rInventory Watch.app */,
				AABFF4D02E4A325F000B491E /* rInventory WatchTests.xctest */,
				AABFF4DA2E4A3260000B491E /* rInventory WatchUITests.xctest */,
			);
			name = Products;
			sourceTree = "<group>";
		};
		AAFA444A2E18E51100AD6351 /* Frameworks */ = {
			isa = PBXGroup;
			children = (
				AAFA444B2E18E51100AD6351 /* CloudKit.framework */,
				AA51D6902E38EC1600D6F5FB /* Intents.framework */,
				AA6108D02E3D1B0F00295F7B /* Camera */,
			);
			name = Frameworks;
			sourceTree = "<group>";
		};
/* End PBXGroup section */

/* Begin PBXNativeTarget section */
		AABFF4C32E4A325E000B491E /* rInventory Watch */ = {
			isa = PBXNativeTarget;
			buildConfigurationList = AABFF4EC2E4A3260000B491E /* Build configuration list for PBXNativeTarget "rInventory Watch" */;
			buildPhases = (
				AABFF4C02E4A325E000B491E /* Sources */,
				AABFF4C12E4A325E000B491E /* Frameworks */,
				AABFF4C22E4A325E000B491E /* Resources */,
			);
			buildRules = (
			);
			dependencies = (
			);
			fileSystemSynchronizedGroups = (
				AABFF4C52E4A325E000B491E /* rInventory Watch */,
			);
			name = "rInventory Watch";
			packageProductDependencies = (
			);
			productName = "inventoryBuddy Watch App";
			productReference = AABFF4C42E4A325E000B491E /* rInventory Watch.app */;
			productType = "com.apple.product-type.application";
		};
		AABFF4CF2E4A325F000B491E /* rInventory WatchTests */ = {
			isa = PBXNativeTarget;
			buildConfigurationList = AABFF4ED2E4A3260000B491E /* Build configuration list for PBXNativeTarget "rInventory WatchTests" */;
			buildPhases = (
				AABFF4CC2E4A325F000B491E /* Sources */,
				AABFF4CD2E4A325F000B491E /* Frameworks */,
				AABFF4CE2E4A325F000B491E /* Resources */,
			);
			buildRules = (
			);
			dependencies = (
				AABFF4D22E4A3260000B491E /* PBXTargetDependency */,
			);
			fileSystemSynchronizedGroups = (
				AABFF4D32E4A3260000B491E /* rInventory WatchTests */,
			);
			name = "rInventory WatchTests";
			packageProductDependencies = (
			);
			productName = "inventoryBuddy Watch AppTests";
			productReference = AABFF4D02E4A325F000B491E /* rInventory WatchTests.xctest */;
			productType = "com.apple.product-type.bundle.unit-test";
		};
		AABFF4D92E4A3260000B491E /* rInventory WatchUITests */ = {
			isa = PBXNativeTarget;
			buildConfigurationList = AABFF4EE2E4A3260000B491E /* Build configuration list for PBXNativeTarget "rInventory WatchUITests" */;
			buildPhases = (
				AABFF4D62E4A3260000B491E /* Sources */,
				AABFF4D72E4A3260000B491E /* Frameworks */,
				AABFF4D82E4A3260000B491E /* Resources */,
			);
			buildRules = (
			);
			dependencies = (
				AABFF4DC2E4A3260000B491E /* PBXTargetDependency */,
			);
			fileSystemSynchronizedGroups = (
				AABFF4DD2E4A3260000B491E /* rInventory WatchUITests */,
			);
			name = "rInventory WatchUITests";
			packageProductDependencies = (
			);
			productName = "inventoryBuddy Watch AppUITests";
			productReference = AABFF4DA2E4A3260000B491E /* rInventory WatchUITests.xctest */;
			productType = "com.apple.product-type.bundle.ui-testing";
		};
		AAC9D5922E16056A0066997C /* rInventory */ = {
			isa = PBXNativeTarget;
			buildConfigurationList = AAC9D5B72E16056D0066997C /* Build configuration list for PBXNativeTarget "rInventory" */;
			buildPhases = (
				AAC9D58F2E16056A0066997C /* Sources */,
				AAC9D5902E16056A0066997C /* Frameworks */,
				AAC9D5912E16056A0066997C /* Resources */,
				AA51D69D2E38EC1600D6F5FB /* Embed Foundation Extensions */,
				AABFF4E52E4A3260000B491E /* Embed Watch Content */,
			);
			buildRules = (
			);
			dependencies = (
				AABFF4E32E4A3260000B491E /* PBXTargetDependency */,
			);
			fileSystemSynchronizedGroups = (
				AAC9D5952E16056A0066997C /* rInventory */,
			);
			name = rInventory;
			packageProductDependencies = (
				AA2DD9D62E438F9F00EE8486 /* SwiftyCrop */,
			);
			productName = Inventory;
			productReference = AAC9D5932E16056A0066997C /* rInventory.app */;
			productType = "com.apple.product-type.application";
		};
		AAC9D5A32E16056C0066997C /* rInventoryTests */ = {
			isa = PBXNativeTarget;
			buildConfigurationList = AAC9D5BC2E16056D0066997C /* Build configuration list for PBXNativeTarget "rInventoryTests" */;
			buildPhases = (
				AAC9D5A02E16056C0066997C /* Sources */,
				AAC9D5A12E16056C0066997C /* Frameworks */,
				AAC9D5A22E16056C0066997C /* Resources */,
			);
			buildRules = (
			);
			dependencies = (
				AAC9D5A62E16056C0066997C /* PBXTargetDependency */,
			);
			fileSystemSynchronizedGroups = (
				AAC9D5A72E16056D0066997C /* rInventoryTests */,
			);
			name = rInventoryTests;
			packageProductDependencies = (
			);
			productName = InventoryTests;
			productReference = AAC9D5A42E16056C0066997C /* rInventoryTests.xctest */;
			productType = "com.apple.product-type.bundle.unit-test";
		};
		AAC9D5AD2E16056D0066997C /* rInventoryUITests */ = {
			isa = PBXNativeTarget;
			buildConfigurationList = AAC9D5BF2E16056D0066997C /* Build configuration list for PBXNativeTarget "rInventoryUITests" */;
			buildPhases = (
				AAC9D5AA2E16056D0066997C /* Sources */,
				AAC9D5AB2E16056D0066997C /* Frameworks */,
				AAC9D5AC2E16056D0066997C /* Resources */,
			);
			buildRules = (
			);
			dependencies = (
				AAC9D5B02E16056D0066997C /* PBXTargetDependency */,
			);
			fileSystemSynchronizedGroups = (
				AAC9D5B12E16056D0066997C /* rInventoryUITests */,
			);
			name = rInventoryUITests;
			packageProductDependencies = (
			);
			productName = InventoryUITests;
			productReference = AAC9D5AE2E16056D0066997C /* rInventoryUITests.xctest */;
			productType = "com.apple.product-type.bundle.ui-testing";
		};
/* End PBXNativeTarget section */

/* Begin PBXProject section */
		AAC9D58B2E16056A0066997C /* Project object */ = {
			isa = PBXProject;
			attributes = {
				BuildIndependentTargetsInParallel = 1;
				LastSwiftUpdateCheck = 2600;
				LastUpgradeCheck = 2600;
				TargetAttributes = {
					AABFF4C32E4A325E000B491E = {
						CreatedOnToolsVersion = 26.0;
					};
					AABFF4CF2E4A325F000B491E = {
						CreatedOnToolsVersion = 26.0;
						TestTargetID = AABFF4C32E4A325E000B491E;
					};
					AABFF4D92E4A3260000B491E = {
						CreatedOnToolsVersion = 26.0;
						TestTargetID = AABFF4C32E4A325E000B491E;
					};
					AAC9D5922E16056A0066997C = {
						CreatedOnToolsVersion = 26.0;
					};
					AAC9D5A32E16056C0066997C = {
						CreatedOnToolsVersion = 26.0;
						TestTargetID = AAC9D5922E16056A0066997C;
					};
					AAC9D5AD2E16056D0066997C = {
						CreatedOnToolsVersion = 26.0;
						TestTargetID = AAC9D5922E16056A0066997C;
					};
				};
			};
			buildConfigurationList = AAC9D58E2E16056A0066997C /* Build configuration list for PBXProject "rInventory" */;
			developmentRegion = en;
			hasScannedForEncodings = 0;
			knownRegions = (
				en,
				Base,
			);
			mainGroup = AAC9D58A2E16056A0066997C;
			minimizedProjectReferenceProxies = 1;
			packageReferences = (
				AA2DD9D52E438F9F00EE8486 /* XCRemoteSwiftPackageReference "SwiftyCrop" */,
			);
			preferredProjectObjectVersion = 77;
			productRefGroup = AAC9D5942E16056A0066997C /* Products */;
			projectDirPath = "";
			projectRoot = "";
			targets = (
				AAC9D5922E16056A0066997C /* rInventory */,
				AAC9D5A32E16056C0066997C /* rInventoryTests */,
				AAC9D5AD2E16056D0066997C /* rInventoryUITests */,
				AABFF4C32E4A325E000B491E /* rInventory Watch */,
				AABFF4CF2E4A325F000B491E /* rInventory WatchTests */,
				AABFF4D92E4A3260000B491E /* rInventory WatchUITests */,
			);
		};
/* End PBXProject section */

/* Begin PBXResourcesBuildPhase section */
		AABFF4C22E4A325E000B491E /* Resources */ = {
			isa = PBXResourcesBuildPhase;
			buildActionMask = 2147483647;
			files = (
			);
			runOnlyForDeploymentPostprocessing = 0;
		};
		AABFF4CE2E4A325F000B491E /* Resources */ = {
			isa = PBXResourcesBuildPhase;
			buildActionMask = 2147483647;
			files = (
			);
			runOnlyForDeploymentPostprocessing = 0;
		};
		AABFF4D82E4A3260000B491E /* Resources */ = {
			isa = PBXResourcesBuildPhase;
			buildActionMask = 2147483647;
			files = (
			);
			runOnlyForDeploymentPostprocessing = 0;
		};
		AAC9D5912E16056A0066997C /* Resources */ = {
			isa = PBXResourcesBuildPhase;
			buildActionMask = 2147483647;
			files = (
			);
			runOnlyForDeploymentPostprocessing = 0;
		};
		AAC9D5A22E16056C0066997C /* Resources */ = {
			isa = PBXResourcesBuildPhase;
			buildActionMask = 2147483647;
			files = (
			);
			runOnlyForDeploymentPostprocessing = 0;
		};
		AAC9D5AC2E16056D0066997C /* Resources */ = {
			isa = PBXResourcesBuildPhase;
			buildActionMask = 2147483647;
			files = (
			);
			runOnlyForDeploymentPostprocessing = 0;
		};
/* End PBXResourcesBuildPhase section */

/* Begin PBXSourcesBuildPhase section */
		AABFF4C02E4A325E000B491E /* Sources */ = {
			isa = PBXSourcesBuildPhase;
			buildActionMask = 2147483647;
			files = (
			);
			runOnlyForDeploymentPostprocessing = 0;
		};
		AABFF4CC2E4A325F000B491E /* Sources */ = {
			isa = PBXSourcesBuildPhase;
			buildActionMask = 2147483647;
			files = (
			);
			runOnlyForDeploymentPostprocessing = 0;
		};
		AABFF4D62E4A3260000B491E /* Sources */ = {
			isa = PBXSourcesBuildPhase;
			buildActionMask = 2147483647;
			files = (
			);
			runOnlyForDeploymentPostprocessing = 0;
		};
		AAC9D58F2E16056A0066997C /* Sources */ = {
			isa = PBXSourcesBuildPhase;
			buildActionMask = 2147483647;
			files = (
			);
			runOnlyForDeploymentPostprocessing = 0;
		};
		AAC9D5A02E16056C0066997C /* Sources */ = {
			isa = PBXSourcesBuildPhase;
			buildActionMask = 2147483647;
			files = (
			);
			runOnlyForDeploymentPostprocessing = 0;
		};
		AAC9D5AA2E16056D0066997C /* Sources */ = {
			isa = PBXSourcesBuildPhase;
			buildActionMask = 2147483647;
			files = (
			);
			runOnlyForDeploymentPostprocessing = 0;
		};
/* End PBXSourcesBuildPhase section */

/* Begin PBXTargetDependency section */
		AABFF4D22E4A3260000B491E /* PBXTargetDependency */ = {
			isa = PBXTargetDependency;
			target = AABFF4C32E4A325E000B491E /* rInventory Watch */;
			targetProxy = AABFF4D12E4A3260000B491E /* PBXContainerItemProxy */;
		};
		AABFF4DC2E4A3260000B491E /* PBXTargetDependency */ = {
			isa = PBXTargetDependency;
			target = AABFF4C32E4A325E000B491E /* rInventory Watch */;
			targetProxy = AABFF4DB2E4A3260000B491E /* PBXContainerItemProxy */;
		};
		AABFF4E32E4A3260000B491E /* PBXTargetDependency */ = {
			isa = PBXTargetDependency;
			target = AABFF4C32E4A325E000B491E /* rInventory Watch */;
			targetProxy = AABFF4E22E4A3260000B491E /* PBXContainerItemProxy */;
		};
		AAC9D5A62E16056C0066997C /* PBXTargetDependency */ = {
			isa = PBXTargetDependency;
			target = AAC9D5922E16056A0066997C /* rInventory */;
			targetProxy = AAC9D5A52E16056C0066997C /* PBXContainerItemProxy */;
		};
		AAC9D5B02E16056D0066997C /* PBXTargetDependency */ = {
			isa = PBXTargetDependency;
			target = AAC9D5922E16056A0066997C /* rInventory */;
			targetProxy = AAC9D5AF2E16056D0066997C /* PBXContainerItemProxy */;
		};
/* End PBXTargetDependency section */

/* Begin XCBuildConfiguration section */
		AABFF4E62E4A3260000B491E /* Debug */ = {
			isa = XCBuildConfiguration;
			buildSettings = {
				ASSETCATALOG_COMPILER_APPICON_NAME = AppIcon;
				ASSETCATALOG_COMPILER_GLOBAL_ACCENT_COLOR_NAME = AccentColor;
				CODE_SIGN_ENTITLEMENTS = "rInventory Watch/rInventory Watch.entitlements";
				CODE_SIGN_STYLE = Automatic;
				CURRENT_PROJECT_VERSION = 1;
				DEVELOPMENT_TEAM = L5KZFNA2X4;
				ENABLE_PREVIEWS = YES;
				GENERATE_INFOPLIST_FILE = YES;
				INFOPLIST_FILE = "rInventory-Watch-Info.plist";
				INFOPLIST_KEY_CFBundleDisplayName = rInventory;
				INFOPLIST_KEY_UISupportedInterfaceOrientations = "UIInterfaceOrientationPortrait UIInterfaceOrientationPortraitUpsideDown";
				INFOPLIST_KEY_WKCompanionAppBundleIdentifier = com.lagera.Inventory;
				LD_RUNPATH_SEARCH_PATHS = (
					"$(inherited)",
					"@executable_path/Frameworks",
				);
				MARKETING_VERSION = 1.0;
				PRODUCT_BUNDLE_IDENTIFIER = com.lagera.Inventory.watchkitapp;
				PRODUCT_NAME = "$(TARGET_NAME)";
				SDKROOT = watchos;
				SKIP_INSTALL = YES;
				STRING_CATALOG_GENERATE_SYMBOLS = YES;
				SWIFT_APPROACHABLE_CONCURRENCY = YES;
				SWIFT_DEFAULT_ACTOR_ISOLATION = MainActor;
				SWIFT_EMIT_LOC_STRINGS = YES;
				SWIFT_UPCOMING_FEATURE_MEMBER_IMPORT_VISIBILITY = YES;
				SWIFT_VERSION = 5.0;
				TARGETED_DEVICE_FAMILY = 4;
				WATCHOS_DEPLOYMENT_TARGET = 10.0;
			};
			name = Debug;
		};
		AABFF4E72E4A3260000B491E /* Release */ = {
			isa = XCBuildConfiguration;
			buildSettings = {
				ASSETCATALOG_COMPILER_APPICON_NAME = AppIcon;
				ASSETCATALOG_COMPILER_GLOBAL_ACCENT_COLOR_NAME = AccentColor;
				CODE_SIGN_ENTITLEMENTS = "rInventory Watch/rInventory Watch.entitlements";
				CODE_SIGN_STYLE = Automatic;
				CURRENT_PROJECT_VERSION = 1;
				DEVELOPMENT_TEAM = L5KZFNA2X4;
				ENABLE_PREVIEWS = YES;
				GENERATE_INFOPLIST_FILE = YES;
				INFOPLIST_FILE = "rInventory-Watch-Info.plist";
				INFOPLIST_KEY_CFBundleDisplayName = rInventory;
				INFOPLIST_KEY_UISupportedInterfaceOrientations = "UIInterfaceOrientationPortrait UIInterfaceOrientationPortraitUpsideDown";
				INFOPLIST_KEY_WKCompanionAppBundleIdentifier = com.lagera.Inventory;
				LD_RUNPATH_SEARCH_PATHS = (
					"$(inherited)",
					"@executable_path/Frameworks",
				);
				MARKETING_VERSION = 1.0;
				PRODUCT_BUNDLE_IDENTIFIER = com.lagera.Inventory.watchkitapp;
				PRODUCT_NAME = "$(TARGET_NAME)";
				SDKROOT = watchos;
				SKIP_INSTALL = YES;
				STRING_CATALOG_GENERATE_SYMBOLS = YES;
				SWIFT_APPROACHABLE_CONCURRENCY = YES;
				SWIFT_DEFAULT_ACTOR_ISOLATION = MainActor;
				SWIFT_EMIT_LOC_STRINGS = YES;
				SWIFT_UPCOMING_FEATURE_MEMBER_IMPORT_VISIBILITY = YES;
				SWIFT_VERSION = 5.0;
				TARGETED_DEVICE_FAMILY = 4;
				WATCHOS_DEPLOYMENT_TARGET = 10.0;
			};
			name = Release;
		};
		AABFF4E82E4A3260000B491E /* Debug */ = {
			isa = XCBuildConfiguration;
			buildSettings = {
				BUNDLE_LOADER = "$(TEST_HOST)";
				CODE_SIGN_STYLE = Automatic;
				CURRENT_PROJECT_VERSION = 1;
				DEVELOPMENT_TEAM = L5KZFNA2X4;
				GENERATE_INFOPLIST_FILE = YES;
				MARKETING_VERSION = 1.0;
				PRODUCT_BUNDLE_IDENTIFIER = "com.lagera.inventory-Watch-AppTests";
				PRODUCT_NAME = "$(TARGET_NAME)";
				SDKROOT = watchos;
				STRING_CATALOG_GENERATE_SYMBOLS = NO;
				SWIFT_APPROACHABLE_CONCURRENCY = YES;
				SWIFT_EMIT_LOC_STRINGS = NO;
				SWIFT_UPCOMING_FEATURE_MEMBER_IMPORT_VISIBILITY = YES;
				SWIFT_VERSION = 5.0;
				TARGETED_DEVICE_FAMILY = 4;
				TEST_HOST = "$(BUILT_PRODUCTS_DIR)/inventoryBuddy Watch App.app/$(BUNDLE_EXECUTABLE_FOLDER_PATH)/inventoryBuddy Watch App";
				WATCHOS_DEPLOYMENT_TARGET = 26.0;
			};
			name = Debug;
		};
		AABFF4E92E4A3260000B491E /* Release */ = {
			isa = XCBuildConfiguration;
			buildSettings = {
				BUNDLE_LOADER = "$(TEST_HOST)";
				CODE_SIGN_STYLE = Automatic;
				CURRENT_PROJECT_VERSION = 1;
				DEVELOPMENT_TEAM = L5KZFNA2X4;
				GENERATE_INFOPLIST_FILE = YES;
				MARKETING_VERSION = 1.0;
				PRODUCT_BUNDLE_IDENTIFIER = "com.lagera.inventory-Watch-AppTests";
				PRODUCT_NAME = "$(TARGET_NAME)";
				SDKROOT = watchos;
				STRING_CATALOG_GENERATE_SYMBOLS = NO;
				SWIFT_APPROACHABLE_CONCURRENCY = YES;
				SWIFT_EMIT_LOC_STRINGS = NO;
				SWIFT_UPCOMING_FEATURE_MEMBER_IMPORT_VISIBILITY = YES;
				SWIFT_VERSION = 5.0;
				TARGETED_DEVICE_FAMILY = 4;
				TEST_HOST = "$(BUILT_PRODUCTS_DIR)/inventoryBuddy Watch App.app/$(BUNDLE_EXECUTABLE_FOLDER_PATH)/inventoryBuddy Watch App";
				WATCHOS_DEPLOYMENT_TARGET = 26.0;
			};
			name = Release;
		};
		AABFF4EA2E4A3260000B491E /* Debug */ = {
			isa = XCBuildConfiguration;
			buildSettings = {
				CODE_SIGN_STYLE = Automatic;
				CURRENT_PROJECT_VERSION = 1;
				DEVELOPMENT_TEAM = L5KZFNA2X4;
				GENERATE_INFOPLIST_FILE = YES;
				MARKETING_VERSION = 1.0;
				PRODUCT_BUNDLE_IDENTIFIER = "com.lagera.inventory-Watch-AppUITests";
				PRODUCT_NAME = "$(TARGET_NAME)";
				SDKROOT = watchos;
				STRING_CATALOG_GENERATE_SYMBOLS = NO;
				SWIFT_APPROACHABLE_CONCURRENCY = YES;
				SWIFT_EMIT_LOC_STRINGS = NO;
				SWIFT_UPCOMING_FEATURE_MEMBER_IMPORT_VISIBILITY = YES;
				SWIFT_VERSION = 5.0;
				TARGETED_DEVICE_FAMILY = 4;
				TEST_TARGET_NAME = "inventoryBuddy Watch App";
				WATCHOS_DEPLOYMENT_TARGET = 26.0;
			};
			name = Debug;
		};
		AABFF4EB2E4A3260000B491E /* Release */ = {
			isa = XCBuildConfiguration;
			buildSettings = {
				CODE_SIGN_STYLE = Automatic;
				CURRENT_PROJECT_VERSION = 1;
				DEVELOPMENT_TEAM = L5KZFNA2X4;
				GENERATE_INFOPLIST_FILE = YES;
				MARKETING_VERSION = 1.0;
				PRODUCT_BUNDLE_IDENTIFIER = "com.lagera.inventory-Watch-AppUITests";
				PRODUCT_NAME = "$(TARGET_NAME)";
				SDKROOT = watchos;
				STRING_CATALOG_GENERATE_SYMBOLS = NO;
				SWIFT_APPROACHABLE_CONCURRENCY = YES;
				SWIFT_EMIT_LOC_STRINGS = NO;
				SWIFT_UPCOMING_FEATURE_MEMBER_IMPORT_VISIBILITY = YES;
				SWIFT_VERSION = 5.0;
				TARGETED_DEVICE_FAMILY = 4;
				TEST_TARGET_NAME = "inventoryBuddy Watch App";
				WATCHOS_DEPLOYMENT_TARGET = 26.0;
			};
			name = Release;
		};
		AAC9D5B82E16056D0066997C /* Debug */ = {
			isa = XCBuildConfiguration;
			buildSettings = {
				ASSETCATALOG_COMPILER_APPICON_NAME = AppIcon;
				ASSETCATALOG_COMPILER_GLOBAL_ACCENT_COLOR_NAME = AccentColor;
				ASSETCATALOG_COMPILER_INCLUDE_ALL_APPICON_ASSETS = YES;
				CODE_SIGN_ENTITLEMENTS = rInventory/rInventory.entitlements;
				CODE_SIGN_STYLE = Automatic;
				CURRENT_PROJECT_VERSION = 9;
				DEVELOPMENT_TEAM = L5KZFNA2X4;
				ENABLE_PREVIEWS = YES;
				GENERATE_INFOPLIST_FILE = YES;
				INFOPLIST_FILE = rInventory/Info.plist;
				INFOPLIST_KEY_CFBundleDisplayName = rInventory;
				INFOPLIST_KEY_ITSAppUsesNonExemptEncryption = NO;
				INFOPLIST_KEY_LSApplicationCategoryType = "public.app-category.utilities";
				INFOPLIST_KEY_NSCameraUsageDescription = "Access to the camera is required to take pictures of your items inside the app. ";
				INFOPLIST_KEY_NSSiriUsageDescription = "Ask Siri to help access your inventory and find where your items are without opening the app.";
				INFOPLIST_KEY_UIApplicationSceneManifest_Generation = YES;
				INFOPLIST_KEY_UIApplicationSupportsIndirectInputEvents = YES;
				INFOPLIST_KEY_UILaunchScreen_Generation = YES;
				INFOPLIST_KEY_UISupportedInterfaceOrientations_iPad = "UIInterfaceOrientationPortrait UIInterfaceOrientationPortraitUpsideDown UIInterfaceOrientationLandscapeLeft UIInterfaceOrientationLandscapeRight";
				INFOPLIST_KEY_UISupportedInterfaceOrientations_iPhone = "UIInterfaceOrientationPortrait UIInterfaceOrientationLandscapeLeft UIInterfaceOrientationLandscapeRight";
				IPHONEOS_DEPLOYMENT_TARGET = 18.0;
				LD_RUNPATH_SEARCH_PATHS = (
					"$(inherited)",
					"@executable_path/Frameworks",
				);
				MARKETING_VERSION = 1.0;
				PRODUCT_BUNDLE_IDENTIFIER = com.lagera.Inventory;
				PRODUCT_NAME = "$(TARGET_NAME)";
				STRING_CATALOG_GENERATE_SYMBOLS = YES;
				SWIFT_DEFAULT_ACTOR_ISOLATION = MainActor;
				SWIFT_EMIT_LOC_STRINGS = YES;
				SWIFT_UPCOMING_FEATURE_MEMBER_IMPORT_VISIBILITY = YES;
				SWIFT_VERSION = 5.0;
				TARGETED_DEVICE_FAMILY = "1,2";
			};
			name = Debug;
		};
		AAC9D5B92E16056D0066997C /* Release */ = {
			isa = XCBuildConfiguration;
			buildSettings = {
				ASSETCATALOG_COMPILER_APPICON_NAME = AppIcon;
				ASSETCATALOG_COMPILER_GLOBAL_ACCENT_COLOR_NAME = AccentColor;
				ASSETCATALOG_COMPILER_INCLUDE_ALL_APPICON_ASSETS = YES;
				CODE_SIGN_ENTITLEMENTS = rInventory/rInventory.entitlements;
				CODE_SIGN_STYLE = Automatic;
				CURRENT_PROJECT_VERSION = 9;
				DEVELOPMENT_TEAM = L5KZFNA2X4;
				ENABLE_PREVIEWS = YES;
				GENERATE_INFOPLIST_FILE = YES;
				INFOPLIST_FILE = rInventory/Info.plist;
				INFOPLIST_KEY_CFBundleDisplayName = rInventory;
				INFOPLIST_KEY_ITSAppUsesNonExemptEncryption = NO;
				INFOPLIST_KEY_LSApplicationCategoryType = "public.app-category.utilities";
				INFOPLIST_KEY_NSCameraUsageDescription = "Access to the camera is required to take pictures of your items inside the app. ";
				INFOPLIST_KEY_NSSiriUsageDescription = "Ask Siri to help access your inventory and find where your items are without opening the app.";
				INFOPLIST_KEY_UIApplicationSceneManifest_Generation = YES;
				INFOPLIST_KEY_UIApplicationSupportsIndirectInputEvents = YES;
				INFOPLIST_KEY_UILaunchScreen_Generation = YES;
				INFOPLIST_KEY_UISupportedInterfaceOrientations_iPad = "UIInterfaceOrientationPortrait UIInterfaceOrientationPortraitUpsideDown UIInterfaceOrientationLandscapeLeft UIInterfaceOrientationLandscapeRight";
				INFOPLIST_KEY_UISupportedInterfaceOrientations_iPhone = "UIInterfaceOrientationPortrait UIInterfaceOrientationLandscapeLeft UIInterfaceOrientationLandscapeRight";
				IPHONEOS_DEPLOYMENT_TARGET = 18.0;
				LD_RUNPATH_SEARCH_PATHS = (
					"$(inherited)",
					"@executable_path/Frameworks",
				);
				MARKETING_VERSION = 1.0;
				PRODUCT_BUNDLE_IDENTIFIER = com.lagera.Inventory;
				PRODUCT_NAME = "$(TARGET_NAME)";
				STRING_CATALOG_GENERATE_SYMBOLS = YES;
				SWIFT_DEFAULT_ACTOR_ISOLATION = MainActor;
				SWIFT_EMIT_LOC_STRINGS = YES;
				SWIFT_UPCOMING_FEATURE_MEMBER_IMPORT_VISIBILITY = YES;
				SWIFT_VERSION = 5.0;
				TARGETED_DEVICE_FAMILY = "1,2";
			};
			name = Release;
		};
		AAC9D5BA2E16056D0066997C /* Debug */ = {
			isa = XCBuildConfiguration;
			buildSettings = {
				ALWAYS_SEARCH_USER_PATHS = NO;
				ASSETCATALOG_COMPILER_GENERATE_SWIFT_ASSET_SYMBOL_EXTENSIONS = YES;
				CLANG_ANALYZER_NONNULL = YES;
				CLANG_ANALYZER_NUMBER_OBJECT_CONVERSION = YES_AGGRESSIVE;
				CLANG_CXX_LANGUAGE_STANDARD = "gnu++20";
				CLANG_ENABLE_MODULES = YES;
				CLANG_ENABLE_OBJC_ARC = YES;
				CLANG_ENABLE_OBJC_WEAK = YES;
				CLANG_WARN_BLOCK_CAPTURE_AUTORELEASING = YES;
				CLANG_WARN_BOOL_CONVERSION = YES;
				CLANG_WARN_COMMA = YES;
				CLANG_WARN_CONSTANT_CONVERSION = YES;
				CLANG_WARN_DEPRECATED_OBJC_IMPLEMENTATIONS = YES;
				CLANG_WARN_DIRECT_OBJC_ISA_USAGE = YES_ERROR;
				CLANG_WARN_DOCUMENTATION_COMMENTS = YES;
				CLANG_WARN_EMPTY_BODY = YES;
				CLANG_WARN_ENUM_CONVERSION = YES;
				CLANG_WARN_INFINITE_RECURSION = YES;
				CLANG_WARN_INT_CONVERSION = YES;
				CLANG_WARN_NON_LITERAL_NULL_CONVERSION = YES;
				CLANG_WARN_OBJC_IMPLICIT_RETAIN_SELF = YES;
				CLANG_WARN_OBJC_LITERAL_CONVERSION = YES;
				CLANG_WARN_OBJC_ROOT_CLASS = YES_ERROR;
				CLANG_WARN_QUOTED_INCLUDE_IN_FRAMEWORK_HEADER = YES;
				CLANG_WARN_RANGE_LOOP_ANALYSIS = YES;
				CLANG_WARN_STRICT_PROTOTYPES = YES;
				CLANG_WARN_SUSPICIOUS_MOVE = YES;
				CLANG_WARN_UNGUARDED_AVAILABILITY = YES_AGGRESSIVE;
				CLANG_WARN_UNREACHABLE_CODE = YES;
				CLANG_WARN__DUPLICATE_METHOD_MATCH = YES;
				COPY_PHASE_STRIP = NO;
				DEBUG_INFORMATION_FORMAT = dwarf;
				DEVELOPMENT_TEAM = L5KZFNA2X4;
				ENABLE_STRICT_OBJC_MSGSEND = YES;
				ENABLE_TESTABILITY = YES;
				ENABLE_USER_SCRIPT_SANDBOXING = YES;
				GCC_C_LANGUAGE_STANDARD = gnu17;
				GCC_DYNAMIC_NO_PIC = NO;
				GCC_NO_COMMON_BLOCKS = YES;
				GCC_OPTIMIZATION_LEVEL = 0;
				GCC_PREPROCESSOR_DEFINITIONS = (
					"DEBUG=1",
					"$(inherited)",
				);
				GCC_WARN_64_TO_32_BIT_CONVERSION = YES;
				GCC_WARN_ABOUT_RETURN_TYPE = YES_ERROR;
				GCC_WARN_UNDECLARED_SELECTOR = YES;
				GCC_WARN_UNINITIALIZED_AUTOS = YES_AGGRESSIVE;
				GCC_WARN_UNUSED_FUNCTION = YES;
				GCC_WARN_UNUSED_VARIABLE = YES;
				IPHONEOS_DEPLOYMENT_TARGET = 26.0;
				LOCALIZATION_PREFERS_STRING_CATALOGS = YES;
				MTL_ENABLE_DEBUG_INFO = INCLUDE_SOURCE;
				MTL_FAST_MATH = YES;
				ONLY_ACTIVE_ARCH = YES;
				SDKROOT = iphoneos;
				SWIFT_ACTIVE_COMPILATION_CONDITIONS = "DEBUG $(inherited)";
				SWIFT_OPTIMIZATION_LEVEL = "-Onone";
			};
			name = Debug;
		};
		AAC9D5BB2E16056D0066997C /* Release */ = {
			isa = XCBuildConfiguration;
			buildSettings = {
				ALWAYS_SEARCH_USER_PATHS = NO;
				ASSETCATALOG_COMPILER_GENERATE_SWIFT_ASSET_SYMBOL_EXTENSIONS = YES;
				CLANG_ANALYZER_NONNULL = YES;
				CLANG_ANALYZER_NUMBER_OBJECT_CONVERSION = YES_AGGRESSIVE;
				CLANG_CXX_LANGUAGE_STANDARD = "gnu++20";
				CLANG_ENABLE_MODULES = YES;
				CLANG_ENABLE_OBJC_ARC = YES;
				CLANG_ENABLE_OBJC_WEAK = YES;
				CLANG_WARN_BLOCK_CAPTURE_AUTORELEASING = YES;
				CLANG_WARN_BOOL_CONVERSION = YES;
				CLANG_WARN_COMMA = YES;
				CLANG_WARN_CONSTANT_CONVERSION = YES;
				CLANG_WARN_DEPRECATED_OBJC_IMPLEMENTATIONS = YES;
				CLANG_WARN_DIRECT_OBJC_ISA_USAGE = YES_ERROR;
				CLANG_WARN_DOCUMENTATION_COMMENTS = YES;
				CLANG_WARN_EMPTY_BODY = YES;
				CLANG_WARN_ENUM_CONVERSION = YES;
				CLANG_WARN_INFINITE_RECURSION = YES;
				CLANG_WARN_INT_CONVERSION = YES;
				CLANG_WARN_NON_LITERAL_NULL_CONVERSION = YES;
				CLANG_WARN_OBJC_IMPLICIT_RETAIN_SELF = YES;
				CLANG_WARN_OBJC_LITERAL_CONVERSION = YES;
				CLANG_WARN_OBJC_ROOT_CLASS = YES_ERROR;
				CLANG_WARN_QUOTED_INCLUDE_IN_FRAMEWORK_HEADER = YES;
				CLANG_WARN_RANGE_LOOP_ANALYSIS = YES;
				CLANG_WARN_STRICT_PROTOTYPES = YES;
				CLANG_WARN_SUSPICIOUS_MOVE = YES;
				CLANG_WARN_UNGUARDED_AVAILABILITY = YES_AGGRESSIVE;
				CLANG_WARN_UNREACHABLE_CODE = YES;
				CLANG_WARN__DUPLICATE_METHOD_MATCH = YES;
				COPY_PHASE_STRIP = NO;
				DEBUG_INFORMATION_FORMAT = "dwarf-with-dsym";
				DEVELOPMENT_TEAM = L5KZFNA2X4;
				ENABLE_NS_ASSERTIONS = NO;
				ENABLE_STRICT_OBJC_MSGSEND = YES;
				ENABLE_USER_SCRIPT_SANDBOXING = YES;
				GCC_C_LANGUAGE_STANDARD = gnu17;
				GCC_NO_COMMON_BLOCKS = YES;
				GCC_WARN_64_TO_32_BIT_CONVERSION = YES;
				GCC_WARN_ABOUT_RETURN_TYPE = YES_ERROR;
				GCC_WARN_UNDECLARED_SELECTOR = YES;
				GCC_WARN_UNINITIALIZED_AUTOS = YES_AGGRESSIVE;
				GCC_WARN_UNUSED_FUNCTION = YES;
				GCC_WARN_UNUSED_VARIABLE = YES;
				IPHONEOS_DEPLOYMENT_TARGET = 26.0;
				LOCALIZATION_PREFERS_STRING_CATALOGS = YES;
				MTL_ENABLE_DEBUG_INFO = NO;
				MTL_FAST_MATH = YES;
				SDKROOT = iphoneos;
				SWIFT_COMPILATION_MODE = wholemodule;
				VALIDATE_PRODUCT = YES;
			};
			name = Release;
		};
		AAC9D5BD2E16056D0066997C /* Debug */ = {
			isa = XCBuildConfiguration;
			buildSettings = {
				BUNDLE_LOADER = "$(TEST_HOST)";
				CODE_SIGN_STYLE = Automatic;
				CURRENT_PROJECT_VERSION = 1;
				DEVELOPMENT_TEAM = L5KZFNA2X4;
				GENERATE_INFOPLIST_FILE = YES;
				IPHONEOS_DEPLOYMENT_TARGET = 26.0;
				MARKETING_VERSION = 1.0;
				PRODUCT_BUNDLE_IDENTIFIER = ethanj.InventoryTests;
				PRODUCT_NAME = "$(TARGET_NAME)";
				STRING_CATALOG_GENERATE_SYMBOLS = NO;
				SWIFT_EMIT_LOC_STRINGS = NO;
				SWIFT_UPCOMING_FEATURE_MEMBER_IMPORT_VISIBILITY = YES;
				SWIFT_VERSION = 5.0;
				TARGETED_DEVICE_FAMILY = "1,2";
				TEST_HOST = "$(BUILT_PRODUCTS_DIR)/rInventory.app/$(BUNDLE_EXECUTABLE_FOLDER_PATH)/rInventory";
			};
			name = Debug;
		};
		AAC9D5BE2E16056D0066997C /* Release */ = {
			isa = XCBuildConfiguration;
			buildSettings = {
				BUNDLE_LOADER = "$(TEST_HOST)";
				CODE_SIGN_STYLE = Automatic;
				CURRENT_PROJECT_VERSION = 1;
				DEVELOPMENT_TEAM = L5KZFNA2X4;
				GENERATE_INFOPLIST_FILE = YES;
				IPHONEOS_DEPLOYMENT_TARGET = 26.0;
				MARKETING_VERSION = 1.0;
				PRODUCT_BUNDLE_IDENTIFIER = ethanj.InventoryTests;
				PRODUCT_NAME = "$(TARGET_NAME)";
				STRING_CATALOG_GENERATE_SYMBOLS = NO;
				SWIFT_EMIT_LOC_STRINGS = NO;
				SWIFT_UPCOMING_FEATURE_MEMBER_IMPORT_VISIBILITY = YES;
				SWIFT_VERSION = 5.0;
				TARGETED_DEVICE_FAMILY = "1,2";
				TEST_HOST = "$(BUILT_PRODUCTS_DIR)/rInventory.app/$(BUNDLE_EXECUTABLE_FOLDER_PATH)/rInventory";
			};
			name = Release;
		};
		AAC9D5C02E16056D0066997C /* Debug */ = {
			isa = XCBuildConfiguration;
			buildSettings = {
				CODE_SIGN_STYLE = Automatic;
				CURRENT_PROJECT_VERSION = 1;
				DEVELOPMENT_TEAM = L5KZFNA2X4;
				GENERATE_INFOPLIST_FILE = YES;
				MARKETING_VERSION = 1.0;
				PRODUCT_BUNDLE_IDENTIFIER = ethanj.InventoryUITests;
				PRODUCT_NAME = "$(TARGET_NAME)";
				STRING_CATALOG_GENERATE_SYMBOLS = NO;
				SWIFT_EMIT_LOC_STRINGS = NO;
				SWIFT_UPCOMING_FEATURE_MEMBER_IMPORT_VISIBILITY = YES;
				SWIFT_VERSION = 5.0;
				TARGETED_DEVICE_FAMILY = "1,2";
				TEST_TARGET_NAME = rInventory;
			};
			name = Debug;
		};
		AAC9D5C12E16056D0066997C /* Release */ = {
			isa = XCBuildConfiguration;
			buildSettings = {
				CODE_SIGN_STYLE = Automatic;
				CURRENT_PROJECT_VERSION = 1;
				DEVELOPMENT_TEAM = L5KZFNA2X4;
				GENERATE_INFOPLIST_FILE = YES;
				MARKETING_VERSION = 1.0;
				PRODUCT_BUNDLE_IDENTIFIER = ethanj.InventoryUITests;
				PRODUCT_NAME = "$(TARGET_NAME)";
				STRING_CATALOG_GENERATE_SYMBOLS = NO;
				SWIFT_EMIT_LOC_STRINGS = NO;
				SWIFT_UPCOMING_FEATURE_MEMBER_IMPORT_VISIBILITY = YES;
				SWIFT_VERSION = 5.0;
				TARGETED_DEVICE_FAMILY = "1,2";
				TEST_TARGET_NAME = rInventory;
			};
			name = Release;
		};
/* End XCBuildConfiguration section */

/* Begin XCConfigurationList section */
		AABFF4EC2E4A3260000B491E /* Build configuration list for PBXNativeTarget "rInventory Watch" */ = {
			isa = XCConfigurationList;
			buildConfigurations = (
				AABFF4E62E4A3260000B491E /* Debug */,
				AABFF4E72E4A3260000B491E /* Release */,
			);
			defaultConfigurationIsVisible = 0;
			defaultConfigurationName = Release;
		};
		AABFF4ED2E4A3260000B491E /* Build configuration list for PBXNativeTarget "rInventory WatchTests" */ = {
			isa = XCConfigurationList;
			buildConfigurations = (
				AABFF4E82E4A3260000B491E /* Debug */,
				AABFF4E92E4A3260000B491E /* Release */,
			);
			defaultConfigurationIsVisible = 0;
			defaultConfigurationName = Release;
		};
		AABFF4EE2E4A3260000B491E /* Build configuration list for PBXNativeTarget "rInventory WatchUITests" */ = {
			isa = XCConfigurationList;
			buildConfigurations = (
				AABFF4EA2E4A3260000B491E /* Debug */,
				AABFF4EB2E4A3260000B491E /* Release */,
			);
			defaultConfigurationIsVisible = 0;
			defaultConfigurationName = Release;
		};
		AAC9D58E2E16056A0066997C /* Build configuration list for PBXProject "rInventory" */ = {
			isa = XCConfigurationList;
			buildConfigurations = (
				AAC9D5BA2E16056D0066997C /* Debug */,
				AAC9D5BB2E16056D0066997C /* Release */,
			);
			defaultConfigurationIsVisible = 0;
			defaultConfigurationName = Release;
		};
		AAC9D5B72E16056D0066997C /* Build configuration list for PBXNativeTarget "rInventory" */ = {
			isa = XCConfigurationList;
			buildConfigurations = (
				AAC9D5B82E16056D0066997C /* Debug */,
				AAC9D5B92E16056D0066997C /* Release */,
			);
			defaultConfigurationIsVisible = 0;
			defaultConfigurationName = Release;
		};
		AAC9D5BC2E16056D0066997C /* Build configuration list for PBXNativeTarget "rInventoryTests" */ = {
			isa = XCConfigurationList;
			buildConfigurations = (
				AAC9D5BD2E16056D0066997C /* Debug */,
				AAC9D5BE2E16056D0066997C /* Release */,
			);
			defaultConfigurationIsVisible = 0;
			defaultConfigurationName = Release;
		};
		AAC9D5BF2E16056D0066997C /* Build configuration list for PBXNativeTarget "rInventoryUITests" */ = {
			isa = XCConfigurationList;
			buildConfigurations = (
				AAC9D5C02E16056D0066997C /* Debug */,
				AAC9D5C12E16056D0066997C /* Release */,
			);
			defaultConfigurationIsVisible = 0;
			defaultConfigurationName = Release;
		};
/* End XCConfigurationList section */

/* Begin XCRemoteSwiftPackageReference section */
		AA2DD9D52E438F9F00EE8486 /* XCRemoteSwiftPackageReference "SwiftyCrop" */ = {
			isa = XCRemoteSwiftPackageReference;
			repositoryURL = "https://github.com/benedom/SwiftyCrop";
			requirement = {
				branch = master;
				kind = branch;
			};
		};
/* End XCRemoteSwiftPackageReference section */

/* Begin XCSwiftPackageProductDependency section */
		AA2DD9D62E438F9F00EE8486 /* SwiftyCrop */ = {
			isa = XCSwiftPackageProductDependency;
			package = AA2DD9D52E438F9F00EE8486 /* XCRemoteSwiftPackageReference "SwiftyCrop" */;
			productName = SwiftyCrop;
		};
/* End XCSwiftPackageProductDependency section */
	};
	rootObject = AAC9D58B2E16056A0066997C /* Project object */;
}
